# This file is automatically @generated by pesde.
# It is not intended for manual editing.
format = 2
name = "utterlyterrible/rc_05"
version = "0.0.1"
target = "roblox"

[graph."0x5eal/unzip@0.2.0 luau".pkg_ref]
ref_ty = "pesde"
index_url = "https://github.com/pesde-pkg/index"

[graph."0x5eal/unzip@0.2.0 luau".pkg_ref.dependencies]
asciitable = [{ name = "kimpure/asciitable", version = "^0.2.3", index = "https://github.com/pesde-pkg/index" }, "dev"]
dirs = [{ name = "jiwonz/dirs", version = "^0.6.0", index = "https://github.com/pesde-pkg/index", target = "lune" }, "dev"]
frktest = [{ name = "itsfrank/frktest", version = "^0.0.4", index = "https://github.com/pesde-pkg/index" }, "dev"]
luau-lsp = [{ name = "pesde/luau_lsp", version = "=1.53.2", index = "https://github.com/pesde-pkg/index", target = "lune" }, "dev"]
stylua = [{ name = "pesde/stylua", version = "=2.1.0", index = "https://github.com/pesde-pkg/index", target = "lune" }, "dev"]

[graph."alicesaidhi/conch@0.4.0-rc.6 roblox"]
direct = ["conch", { name = "alicesaidhi/conch", version = "^0.4.0-rc.6", index = "default" }, "standard"]

[graph."alicesaidhi/conch@0.4.0-rc.6 roblox".dependencies]
language = ["alicesaidhi/conch_language@0.4.0-rc.6 roblox", "standard"]

[graph."alicesaidhi/conch@0.4.0-rc.6 roblox".pkg_ref]
ref_ty = "pesde"
index_url = "https://github.com/pesde-pkg/index"

[graph."alicesaidhi/conch@0.4.0-rc.6 roblox".pkg_ref.dependencies]
language = [{ name = "alicesaidhi/conch_language", version = "^0.4.0-rc.6", index = "https://github.com/daimond113/pesde-index", target = "roblox" }, "standard"]

[graph."alicesaidhi/conch_language@0.4.0-rc.6 roblox".pkg_ref]
ref_ty = "pesde"
index_url = "https://github.com/daimond113/pesde-index"

[graph."centau/vide@0.4.0 roblox"]
direct = ["vide", { name = "centau/vide", version = "^0.4.0", index = "default" }, "standard"]

[graph."centau/vide@0.4.0 roblox".pkg_ref]
ref_ty = "pesde"
index_url = "https://github.com/pesde-pkg/index"

[graph."jiwonz/dirs@0.6.0 lune".dependencies]
greentea = ["jiwonz/greentea_luau@0.2.0 luau", "standard"]
pathfs = ["jiwonz/pathfs@0.6.0 lune", "standard"]

[graph."jiwonz/dirs@0.6.0 lune".pkg_ref]
ref_ty = "pesde"
index_url = "https://github.com/pesde-pkg/index"

[graph."jiwonz/dirs@0.6.0 lune".pkg_ref.dependencies]
greentea = [{ name = "jiwonz/greentea_luau", version = "^0.2.0", index = "https://github.com/pesde-pkg/index", target = "luau" }, "standard"]
pathfs = [{ name = "jiwonz/pathfs", version = "^0.6.0", index = "https://github.com/pesde-pkg/index" }, "standard"]

[graph."jiwonz/greentea_luau@0.2.0 luau".pkg_ref]
ref_ty = "pesde"
index_url = "https://github.com/pesde-pkg/index"

[graph."jiwonz/luau_disk@0.2.0 luau".pkg_ref]
ref_ty = "pesde"
index_url = "https://github.com/pesde-pkg/index"

[graph."jiwonz/luau_path@0.2.0 luau".dependencies]
luau_disk = ["jiwonz/luau_disk@0.2.0 luau", "standard"]

[graph."jiwonz/luau_path@0.2.0 luau".pkg_ref]
ref_ty = "pesde"
index_url = "https://github.com/pesde-pkg/index"

[graph."jiwonz/luau_path@0.2.0 luau".pkg_ref.dependencies]
luau_disk = [{ name = "jiwonz/luau_disk", version = "^0.2.0", index = "https://github.com/pesde-pkg/index" }, "standard"]

[graph."jiwonz/pathfs@0.6.0 lune".dependencies]
greentea = ["jiwonz/greentea_luau@0.2.0 luau", "standard"]
luau_path = ["jiwonz/luau_path@0.2.0 luau", "standard"]

[graph."jiwonz/pathfs@0.6.0 lune".pkg_ref]
ref_ty = "pesde"
index_url = "https://github.com/pesde-pkg/index"

[graph."jiwonz/pathfs@0.6.0 lune".pkg_ref.dependencies]
frktest = [{ name = "itsfrank/frktest", version = "^0.0.4", index = "https://github.com/pesde-pkg/index", target = "luau" }, "dev"]
greentea = [{ name = "jiwonz/greentea_luau", version = "^0.2.0", index = "https://github.com/pesde-pkg/index", target = "luau" }, "standard"]
luau_path = [{ name = "jiwonz/luau_path", version = "^0.2.0", index = "https://github.com/pesde-pkg/index", target = "luau" }, "standard"]

[graph."lukadev_0/option@1.2.1 lune".pkg_ref]
ref_ty = "pesde"
index_url = "https://github.com/pesde-pkg/index"

[graph."lukadev_0/result@1.2.1 lune".pkg_ref]
ref_ty = "pesde"
index_url = "https://github.com/pesde-pkg/index"

[graph."pesde/rojo@7.6.1 lune"]
direct = ["rojo", { name = "pesde/rojo", version = "^7.5.1", index = "default", target = "lune" }, "dev"]

[graph."pesde/rojo@7.6.1 lune".dependencies]
option = ["lukadev_0/option@1.2.1 lune", "standard"]
result = ["lukadev_0/result@1.2.1 lune", "standard"]
toolchainlib = ["pesde/toolchainlib@0.2.2 lune", "standard"]

[graph."pesde/rojo@7.6.1 lune".pkg_ref]
ref_ty = "pesde"
index_url = "https://github.com/pesde-pkg/index"

[graph."pesde/rojo@7.6.1 lune".pkg_ref.dependencies]
option = [{ name = "lukadev_0/option", version = "^1.2.1", index = "https://github.com/pesde-pkg/index" }, "standard"]
result = [{ name = "lukadev_0/result", version = "^1.2.1", index = "https://github.com/pesde-pkg/index" }, "standard"]
toolchainlib = [{ name = "pesde/toolchainlib", version = "^0.2.1", index = "https://github.com/pesde-pkg/index", target = "lune" }, "standard"]

[graph."pesde/scripts_core@0.2.0 lune".pkg_ref]
ref_ty = "pesde"
index_url = "https://github.com/pesde-pkg/index"

[graph."pesde/scripts_core@0.2.0 lune".pkg_ref.dependencies]
argon = [{ name = "pesde/argon", version = "^2.0.26", index = "https://github.com/pesde-pkg/index" }, "dev"]
frktest = [{ name = "itsfrank/frktest", version = "^0.0.4", index = "https://github.com/pesde-pkg/index", target = "luau" }, "dev"]
luau-lsp = [{ name = "pesde/luau_lsp", version = "^1.53.5", index = "https://github.com/pesde-pkg/index" }, "dev"]
pathfs = [{ name = "jiwonz/pathfs", version = "^0.6.0", index = "https://github.com/pesde-pkg/index" }, "dev"]
rojo = [{ name = "pesde/rojo", version = "^7.5.1", index = "https://github.com/pesde-pkg/index" }, "dev"]
stylua = [{ name = "pesde/stylua", version = "^2.2.0", index = "https://github.com/pesde-pkg/index" }, "dev"]

[graph."pesde/scripts_rojo@0.2.0 lune"]
direct = ["scripts", { name = "pesde/scripts_rojo", version = "^0.2.0", index = "default", target = "lune" }, "dev"]

[graph."pesde/scripts_rojo@0.2.0 lune".dependencies]
rojo = ["pesde/rojo@7.6.1 lune", "peer"]
scripts_core = ["pesde/scripts_core@0.2.0 lune", "standard"]

[graph."pesde/scripts_rojo@0.2.0 lune".pkg_ref]
ref_ty = "pesde"
index_url = "https://github.com/pesde-pkg/index"

[graph."pesde/scripts_rojo@0.2.0 lune".pkg_ref.dependencies]
rojo = [{ name = "pesde/rojo", version = "^7.5.1", index = "https://github.com/pesde-pkg/index" }, "peer"]
scripts_core = [{ name = "pesde/scripts_core", version = "^0.2.0", index = "https://github.com/pesde-pkg/index", target = "lune" }, "standard"]

[graph."pesde/toolchainlib@0.2.2 lune".dependencies]
dirs = ["jiwonz/dirs@0.6.0 lune", "standard"]
option = ["lukadev_0/option@1.2.1 lune", "peer"]
pathfs = ["jiwonz/pathfs@0.6.0 lune", "standard"]
result = ["lukadev_0/result@1.2.1 lune", "peer"]
unzip = ["0x5eal/unzip@0.2.0 luau", "standard"]

[graph."pesde/toolchainlib@0.2.2 lune".pkg_ref]
ref_ty = "pesde"
index_url = "https://github.com/pesde-pkg/index"

[graph."pesde/toolchainlib@0.2.2 lune".pkg_ref.dependencies]
dirs = [{ name = "jiwonz/dirs", version = "^0.6.0", index = "https://github.com/pesde-pkg/index" }, "standard"]
option = [{ name = "lukadev_0/option", version = "^1.2.1", index = "https://github.com/pesde-pkg/index" }, "peer"]
pathfs = [{ name = "jiwonz/pathfs", version = "^0.6.0", index = "https://github.com/pesde-pkg/index" }, "standard"]
result = [{ name = "lukadev_0/result", version = "^1.2.1", index = "https://github.com/pesde-pkg/index" }, "peer"]
unzip = [{ name = "0x5eal/unzip", version = "^0.2.0", index = "https://github.com/pesde-pkg/index", target = "luau" }, "standard"]

[graph."wally#alicesaidhi/conch@0.4.0-rc.8 roblox".dependencies]
language = ["wally#alicesaidhi/conch-language@0.4.0-rc.7 roblox", "standard"]

[graph."wally#alicesaidhi/conch@0.4.0-rc.8 roblox".pkg_ref]
ref_ty = "wally"
index_url = "https://github.com/UpliftGames/wally-index"

[graph."wally#alicesaidhi/conch@0.4.0-rc.8 roblox".pkg_ref.dependencies]
language = [{ wally = "wally#alicesaidhi/conch-language", version = ">=0.4.0-rc.7, <0.5.0", index = "https://github.com/UpliftGames/wally-index" }, "standard"]

[graph."wally#alicesaidhi/conch-language@0.4.0-rc.7 roblox".pkg_ref]
ref_ty = "wally"
index_url = "https://github.com/UpliftGames/wally-index"

[graph."wally#alicesaidhi/conch-ui@0.4.0-rc.7 roblox"]
direct = ["conch-ui", { wally = "wally#alicesaidhi/conch-ui", version = "^0.4.0-rc.7", index = "default" }, "standard"]

[graph."wally#alicesaidhi/conch-ui@0.4.0-rc.7 roblox".dependencies]
conch = ["wally#alicesaidhi/conch@0.4.0-rc.8 roblox", "standard"]
language = ["wally#alicesaidhi/conch-language@0.4.0-rc.7 roblox", "standard"]
vide = ["wally#centau/vide@0.3.1 roblox", "standard"]

[graph."wally#alicesaidhi/conch-ui@0.4.0-rc.7 roblox".pkg_ref]
ref_ty = "wally"
index_url = "https://github.com/UpliftGames/wally-index"

[graph."wally#alicesaidhi/conch-ui@0.4.0-rc.7 roblox".pkg_ref.dependencies]
conch = [{ wally = "wally#alicesaidhi/conch", version = ">=0.4.0-rc.7, <0.5.0", index = "https://github.com/UpliftGames/wally-index" }, "standard"]
language = [{ wally = "wally#alicesaidhi/conch-language", version = ">=0.4.0-rc.7, <0.5.0", index = "https://github.com/UpliftGames/wally-index" }, "standard"]
vide = [{ wally = "wally#centau/vide", version = ">=0.3.1, <0.4.0", index = "https://github.com/UpliftGames/wally-index" }, "standard"]

[graph."wally#centau/vide@0.3.1 roblox".pkg_ref]
ref_ty = "wally"
index_url = "https://github.com/UpliftGames/wally-index"

[graph."wally#centau/vide@0.4.0 roblox".pkg_ref]
ref_ty = "wally"
index_url = "https://github.com/UpliftGames/wally-index"

[graph."wally#evaera/promise@4.0.0 roblox".pkg_ref]
ref_ty = "wally"
index_url = "https://github.com/UpliftGames/wally-index"

[graph."wally#howmanysmall/janitor@1.18.3 roblox"]
direct = ["janitor", { wally = "wally#howmanysmall/janitor", version = "^1.18.3", index = "default" }, "standard"]

[graph."wally#howmanysmall/janitor@1.18.3 roblox".dependencies]
Promise = ["wally#howmanysmall/typed-promise@4.0.6 roblox", "standard"]

[graph."wally#howmanysmall/janitor@1.18.3 roblox".pkg_ref]
ref_ty = "wally"
index_url = "https://github.com/UpliftGames/wally-index"

[graph."wally#howmanysmall/janitor@1.18.3 roblox".pkg_ref.dependencies]
Jest = [{ wally = "wally#jsdotlua/jest", version = ">=3.6.1-rc.2, <4.0.0", index = "https://github.com/UpliftGames/wally-index" }, "dev"]
JestGlobals = [{ wally = "wally#jsdotlua/jest-globals", version = ">=3.6.1-rc.2, <4.0.0", index = "https://github.com/UpliftGames/wally-index" }, "dev"]
Promise = [{ wally = "wally#howmanysmall/typed-promise", version = ">=4.0.3, <5.0.0", index = "https://github.com/UpliftGames/wally-index" }, "standard"]

[graph."wally#howmanysmall/typed-promise@4.0.6 roblox"]
direct = ["typed-promise", { wally = "wally#howmanysmall/typed-promise", version = "^4.0.6", index = "default" }, "standard"]

[graph."wally#howmanysmall/typed-promise@4.0.6 roblox".dependencies]
Promise = ["wally#evaera/promise@4.0.0 roblox", "standard"]

[graph."wally#howmanysmall/typed-promise@4.0.6 roblox".pkg_ref]
ref_ty = "wally"
index_url = "https://github.com/UpliftGames/wally-index"

[graph."wally#howmanysmall/typed-promise@4.0.6 roblox".pkg_ref.dependencies]
Promise = [{ wally = "wally#evaera/promise", version = ">=4.0.0, <5.0.0", index = "https://github.com/UpliftGames/wally-index" }, "standard"]

[graph."wally#littensy/charm@0.11.0-rc.5 roblox"]
direct = ["charm", { wally = "wally#littensy/charm", version = "^0.11.0-rc.5", index = "default" }, "standard"]

[graph."wally#littensy/charm@0.11.0-rc.5 roblox".pkg_ref]
ref_ty = "wally"
index_url = "https://github.com/UpliftGames/wally-index"

[graph."wally#littensy/charm-sync@0.4.0-rc.7 roblox"]
direct = ["charm-sync", { wally = "wally#littensy/charm-sync", version = "^0.4.0-rc.7", index = "default" }, "standard"]

[graph."wally#littensy/charm-sync@0.4.0-rc.7 roblox".dependencies]
Charm = ["wally#littensy/charm@0.11.0-rc.5 roblox", "standard"]

[graph."wally#littensy/charm-sync@0.4.0-rc.7 roblox".pkg_ref]
ref_ty = "wally"
index_url = "https://github.com/UpliftGames/wally-index"

[graph."wally#littensy/charm-sync@0.4.0-rc.7 roblox".pkg_ref.dependencies]
Charm = [{ wally = "wally#littensy/charm", version = ">=0.11.0-rc.5, <0.12.0", index = "https://github.com/UpliftGames/wally-index" }, "standard"]

[graph."wally#littensy/vide-charm@0.4.0-rc.5 roblox"]
direct = ["vide-charm", { wally = "wally#littensy/vide-charm", version = "^0.4.0-rc.5", index = "default" }, "standard"]

[graph."wally#littensy/vide-charm@0.4.0-rc.5 roblox".dependencies]
Charm = ["wally#littensy/charm@0.11.0-rc.5 roblox", "standard"]
Vide = ["wally#centau/vide@0.4.0 roblox", "standard"]

[graph."wally#littensy/vide-charm@0.4.0-rc.5 roblox".pkg_ref]
ref_ty = "wally"
index_url = "https://github.com/UpliftGames/wally-index"

[graph."wally#littensy/vide-charm@0.4.0-rc.5 roblox".pkg_ref.dependencies]
Charm = [{ wally = "wally#littensy/charm", version = ">=0.11.0-rc.5, <0.12.0", index = "https://github.com/UpliftGames/wally-index" }, "standard"]
Vide = [{ wally = "wally#centau/vide", version = ">=0.4.0, <0.5.0", index = "https://github.com/UpliftGames/wally-index" }, "standard"]

[graph."wally#osyrisrblx/t@3.1.1 roblox".pkg_ref]
ref_ty = "wally"
index_url = "https://github.com/UpliftGames/wally-index"

[graph."wally#paradoxum-games/lyra@0.6.0 roblox"]
direct = ["lyra", { wally = "wally#paradoxum-games/lyra", version = "^0.6.0", index = "default" }, "standard"]

[graph."wally#paradoxum-games/lyra@0.6.0 roblox".dependencies]
Promise = ["wally#evaera/promise@4.0.0 roblox", "standard"]
t = ["wally#osyrisrblx/t@3.1.1 roblox", "standard"]

[graph."wally#paradoxum-games/lyra@0.6.0 roblox".pkg_ref]
ref_ty = "wally"
index_url = "https://github.com/UpliftGames/wally-index"

[graph."wally#paradoxum-games/lyra@0.6.0 roblox".pkg_ref.dependencies]
Jest = [{ wally = "wally#jsdotlua/jest", version = ">=3.10.0, <4.0.0", index = "https://github.com/UpliftGames/wally-index" }, "dev"]
JestGlobals = [{ wally = "wally#jsdotlua/jest-globals", version = ">=3.10.0, <4.0.0", index = "https://github.com/UpliftGames/wally-index" }, "dev"]
Promise = [{ wally = "wally#evaera/promise", version = ">=4.0.0, <5.0.0", index = "https://github.com/UpliftGames/wally-index" }, "standard"]
t = [{ wally = "wally#osyrisrblx/t", version = ">=3.1.1, <4.0.0", index = "https://github.com/UpliftGames/wally-index" }, "standard"]

[graph."wally#pepeeltoro41/ui-labs@2.4.2 roblox"]
direct = ["ui-labs", { wally = "wally#pepeeltoro41/ui-labs", version = "^2.4.2", index = "default" }, "standard"]

[graph."wally#pepeeltoro41/ui-labs@2.4.2 roblox".pkg_ref]
ref_ty = "wally"
index_url = "https://github.com/UpliftGames/wally-index"

[graph."wally#sleitnick/comm@1.0.1 roblox".dependencies]
Option = ["wally#sleitnick/option@1.0.5 roblox", "standard"]
Promise = ["wally#evaera/promise@4.0.0 roblox", "standard"]
Signal = ["wally#sleitnick/signal@2.0.3 roblox", "standard"]

[graph."wally#sleitnick/comm@1.0.1 roblox".pkg_ref]
ref_ty = "wally"
index_url = "https://github.com/UpliftGames/wally-index"

[graph."wally#sleitnick/comm@1.0.1 roblox".pkg_ref.dependencies]
Option = [{ wally = "wally#sleitnick/option", version = ">=1.0.0, <2.0.0", index = "https://github.com/UpliftGames/wally-index" }, "standard"]
Promise = [{ wally = "wally#evaera/promise", version = ">=4.0.0, <5.0.0", index = "https://github.com/UpliftGames/wally-index" }, "standard"]
Signal = [{ wally = "wally#sleitnick/signal", version = ">=2.0.0, <3.0.0", index = "https://github.com/UpliftGames/wally-index" }, "standard"]

[graph."wally#sleitnick/component@2.4.8 roblox"]
direct = ["component", { wally = "wally#sleitnick/component", version = "^2.4.8", index = "default" }, "standard"]

[graph."wally#sleitnick/component@2.4.8 roblox".dependencies]
Promise = ["wally#evaera/promise@4.0.0 roblox", "standard"]
Signal = ["wally#sleitnick/signal@2.0.3 roblox", "standard"]
Symbol = ["wally#sleitnick/symbol@2.0.1 roblox", "standard"]
Trove = ["wally#sleitnick/trove@1.8.0 roblox", "standard"]

[graph."wally#sleitnick/component@2.4.8 roblox".pkg_ref]
ref_ty = "wally"
index_url = "https://github.com/UpliftGames/wally-index"

[graph."wally#sleitnick/component@2.4.8 roblox".pkg_ref.dependencies]
Promise = [{ wally = "wally#evaera/promise", version = ">=4.0.0, <5.0.0", index = "https://github.com/UpliftGames/wally-index" }, "standard"]
Signal = [{ wally = "wally#sleitnick/signal", version = ">=2.0.0, <3.0.0", index = "https://github.com/UpliftGames/wally-index" }, "standard"]
Symbol = [{ wally = "wally#sleitnick/symbol", version = ">=2.0.0, <3.0.0", index = "https://github.com/UpliftGames/wally-index" }, "standard"]
Trove = [{ wally = "wally#sleitnick/trove", version = ">=1.0.0, <2.0.0", index = "https://github.com/UpliftGames/wally-index" }, "standard"]

[graph."wally#sleitnick/knit@1.7.0 roblox"]
direct = ["knit", { wally = "wally#sleitnick/knit", version = "^1.7.0", index = "default" }, "standard"]

[graph."wally#sleitnick/knit@1.7.0 roblox".dependencies]
Comm = ["wally#sleitnick/comm@1.0.1 roblox", "standard"]
Promise = ["wally#evaera/promise@4.0.0 roblox", "standard"]

[graph."wally#sleitnick/knit@1.7.0 roblox".pkg_ref]
ref_ty = "wally"
index_url = "https://github.com/UpliftGames/wally-index"

[graph."wally#sleitnick/knit@1.7.0 roblox".pkg_ref.dependencies]
Comm = [{ wally = "wally#sleitnick/comm", version = ">=1.0.0, <2.0.0", index = "https://github.com/UpliftGames/wally-index" }, "standard"]
Promise = [{ wally = "wally#evaera/promise", version = ">=4.0.0, <5.0.0", index = "https://github.com/UpliftGames/wally-index" }, "standard"]

[graph."wally#sleitnick/option@1.0.5 roblox".pkg_ref]
ref_ty = "wally"
index_url = "https://github.com/UpliftGames/wally-index"

[graph."wally#sleitnick/signal@2.0.3 roblox".pkg_ref]
ref_ty = "wally"
index_url = "https://github.com/UpliftGames/wally-index"

[graph."wally#sleitnick/symbol@2.0.1 roblox".pkg_ref]
ref_ty = "wally"
index_url = "https://github.com/UpliftGames/wally-index"

[graph."wally#sleitnick/trove@1.8.0 roblox".pkg_ref]
ref_ty = "wally"
index_url = "https://github.com/UpliftGames/wally-index"
